# THIS IS AN AUTOGENERATED FILE. DO NOT EDIT THIS FILE DIRECTLY.
# yarn lockfile v1


"@nodelib/fs.scandir@2.1.5":
  version "2.1.5"
  resolved "https://pkgs.dev.azure.com/way2/_packaging/internal/npm/registry/@nodelib/fs.scandir/-/fs.scandir-2.1.5.tgz#7619c2eb21b25483f6d167548b4cfd5a7488c3d5"
  integrity sha1-dhnC6yGyVIP20WdUi0z9WnSIw9U=
  dependencies:
    "@nodelib/fs.stat" "2.0.5"
    run-parallel "^1.1.9"

"@nodelib/fs.stat@2.0.5", "@nodelib/fs.stat@^2.0.2":
  version "2.0.5"
  resolved "https://pkgs.dev.azure.com/way2/_packaging/internal/npm/registry/@nodelib/fs.stat/-/fs.stat-2.0.5.tgz#5bd262af94e9d25bd1e71b05deed44876a222e8b"
  integrity sha1-W9Jir5Tp0lvR5xsF3u1Eh2oiLos=

"@nodelib/fs.walk@^1.2.3":
  version "1.2.8"
  resolved "https://pkgs.dev.azure.com/way2/_packaging/internal/npm/registry/@nodelib/fs.walk/-/fs.walk-1.2.8.tgz#e95737e8bb6746ddedf69c556953494f196fe69a"
  integrity sha1-6Vc36LtnRt3t9pxVaVNJTxlv5po=
  dependencies:
    "@nodelib/fs.scandir" "2.1.5"
    fastq "^1.6.0"

acorn-node@^1.8.2:
  version "1.8.2"
  resolved "https://pkgs.dev.azure.com/way2/_packaging/internal/npm/registry/acorn-node/-/acorn-node-1.8.2.tgz#114c95d64539e53dede23de8b9d96df7c7ae2af8"
  integrity sha1-EUyV1kU55T3t4j3oudlt98euKvg=
  dependencies:
    acorn "^7.0.0"
    acorn-walk "^7.0.0"
    xtend "^4.0.2"

acorn-walk@^7.0.0:
  version "7.2.0"
  resolved "https://pkgs.dev.azure.com/way2/_packaging/internal/npm/registry/acorn-walk/-/acorn-walk-7.2.0.tgz#0de889a601203909b0fbe07b8938dc21d2e967bc"
  integrity sha1-DeiJpgEgOQmw++B7iTjcIdLpZ7w=

acorn@^7.0.0:
  version "7.4.1"
  resolved "https://pkgs.dev.azure.com/way2/_packaging/internal/npm/registry/acorn/-/acorn-7.4.1.tgz#feaed255973d2e77555b83dbc08851a6c63520fa"
  integrity sha1-/q7SVZc9LndVW4PbwIhRpsY1IPo=

anymatch@~3.1.2:
  version "3.1.2"
  resolved "https://pkgs.dev.azure.com/way2/_packaging/internal/npm/registry/anymatch/-/anymatch-3.1.2.tgz#c0557c096af32f106198f4f4e2a383537e378716"
  integrity sha1-wFV8CWrzLxBhmPT04qODU343hxY=
  dependencies:
    normalize-path "^3.0.0"
    picomatch "^2.0.4"

arg@^5.0.2:
  version "5.0.2"
  resolved "https://pkgs.dev.azure.com/way2/_packaging/internal/npm/registry/arg/-/arg-5.0.2.tgz#c81433cc427c92c4dcf4865142dbca6f15acd59c"
  integrity sha1-yBQzzEJ8ksTc9IZRQtvKbxWs1Zw=

autoprefixer@^10.4.11:
  version "10.4.11"
  resolved "https://pkgs.dev.azure.com/way2/_packaging/internal/npm/registry/autoprefixer/-/autoprefixer-10.4.11.tgz#835136aff1d9cd43640151e0d2dba00f8eac7c1c"
  integrity sha1-g1E2r/HZzUNkAVHg0tugD46sfBw=
  dependencies:
    browserslist "^4.21.3"
    caniuse-lite "^1.0.30001399"
    fraction.js "^4.2.0"
    normalize-range "^0.1.2"
    picocolors "^1.0.0"
    postcss-value-parser "^4.2.0"

binary-extensions@^2.0.0:
  version "2.2.0"
  resolved "https://pkgs.dev.azure.com/way2/_packaging/internal/npm/registry/binary-extensions/-/binary-extensions-2.2.0.tgz#75f502eeaf9ffde42fc98829645be4ea76bd9e2d"
  integrity sha1-dfUC7q+f/eQvyYgpZFvk6na9ni0=

braces@^3.0.2, braces@~3.0.2:
  version "3.0.2"
  resolved "https://pkgs.dev.azure.com/way2/_packaging/internal/npm/registry/braces/-/braces-3.0.2.tgz#3454e1a462ee8d599e236df336cd9ea4f8afe107"
  integrity sha1-NFThpGLujVmeI23zNs2epPiv4Qc=
  dependencies:
    fill-range "^7.0.1"

browserslist@^4.21.3:
  version "4.21.4"
  resolved "https://pkgs.dev.azure.com/way2/_packaging/internal/npm/registry/browserslist/-/browserslist-4.21.4.tgz#e7496bbc67b9e39dd0f98565feccdcb0d4ff6987"
  integrity sha1-50lrvGe5453Q+YVl/szcsNT/aYc=
  dependencies:
    caniuse-lite "^1.0.30001400"
    electron-to-chromium "^1.4.251"
    node-releases "^2.0.6"
    update-browserslist-db "^1.0.9"

camelcase-css@^2.0.1:
  version "2.0.1"
  resolved "https://pkgs.dev.azure.com/way2/_packaging/internal/npm/registry/camelcase-css/-/camelcase-css-2.0.1.tgz#ee978f6947914cc30c6b44741b6ed1df7f043fd5"
  integrity sha1-7pePaUeRTMMMa0R0G27R338EP9U=

caniuse-lite@^1.0.30001399, caniuse-lite@^1.0.30001400:
  version "1.0.30001402"
  resolved "https://pkgs.dev.azure.com/way2/_packaging/internal/npm/registry/caniuse-lite/-/caniuse-lite-1.0.30001402.tgz#aa29e1f47f5055b0d0c07696a67b8b08023d14c8"
  integrity sha1-qinh9H9QVbDQwHaWpnuLCAI9FMg=

chokidar@^3.5.3:
  version "3.5.3"
  resolved "https://pkgs.dev.azure.com/way2/_packaging/internal/npm/registry/chokidar/-/chokidar-3.5.3.tgz#1cf37c8707b932bd1af1ae22c0432e2acd1903bd"
  integrity sha1-HPN8hwe5Mr0a8a4iwEMuKs0ZA70=
  dependencies:
    anymatch "~3.1.2"
    braces "~3.0.2"
    glob-parent "~5.1.2"
    is-binary-path "~2.1.0"
    is-glob "~4.0.1"
    normalize-path "~3.0.0"
    readdirp "~3.6.0"
  optionalDependencies:
    fsevents "~2.3.2"

color-name@^1.1.4:
  version "1.1.4"
  resolved "https://pkgs.dev.azure.com/way2/_packaging/internal/npm/registry/color-name/-/color-name-1.1.4.tgz#c2a09a87acbde69543de6f63fa3995c826c536a2"
  integrity sha1-wqCah6y95pVD3m9j+jmVyCbFNqI=

cssesc@^3.0.0:
  version "3.0.0"
  resolved "https://pkgs.dev.azure.com/way2/_packaging/internal/npm/registry/cssesc/-/cssesc-3.0.0.tgz#37741919903b868565e1c09ea747445cd18983ee"
  integrity sha1-N3QZGZA7hoVl4cCep0dEXNGJg+4=

defined@^1.0.0:
  version "1.0.0"
  resolved "https://pkgs.dev.azure.com/way2/_packaging/internal/npm/registry/defined/-/defined-1.0.0.tgz#c98d9bcef75674188e110969151199e39b1fa693"
  integrity sha1-yY2bzvdWdBiOEQlpFRGZ45sfppM=

detective@^5.2.1:
  version "5.2.1"
  resolved "https://pkgs.dev.azure.com/way2/_packaging/internal/npm/registry/detective/-/detective-5.2.1.tgz#6af01eeda11015acb0e73f933242b70f24f91034"
  integrity sha1-avAe7aEQFayw5z+TMkK3DyT5EDQ=
  dependencies:
    acorn-node "^1.8.2"
    defined "^1.0.0"
    minimist "^1.2.6"

didyoumean@^1.2.2:
  version "1.2.2"
  resolved "https://pkgs.dev.azure.com/way2/_packaging/internal/npm/registry/didyoumean/-/didyoumean-1.2.2.tgz#989346ffe9e839b4555ecf5666edea0d3e8ad037"
  integrity sha1-mJNG/+noObRVXs9WZu3qDT6K0Dc=

dlv@^1.1.3:
  version "1.1.3"
  resolved "https://pkgs.dev.azure.com/way2/_packaging/internal/npm/registry/dlv/-/dlv-1.1.3.tgz#5c198a8a11453596e751494d49874bc7732f2e79"
  integrity sha1-XBmKihFFNZbnUUlNSYdLx3MvLnk=

electron-to-chromium@^1.4.251:
  version "1.4.254"
  resolved "https://pkgs.dev.azure.com/way2/_packaging/internal/npm/registry/electron-to-chromium/-/electron-to-chromium-1.4.254.tgz#c6203583890abf88dfc0be046cd72d3b48f8beb6"
  integrity sha1-xiA1g4kKv4jfwL4EbNctO0j4vrY=

escalade@^3.1.1:
  version "3.1.1"
  resolved "https://pkgs.dev.azure.com/way2/_packaging/internal/npm/registry/escalade/-/escalade-3.1.1.tgz#d8cfdc7000965c5a0174b4a82eaa5c0552742e40"
  integrity sha1-2M/ccACWXFoBdLSoLqpcBVJ0LkA=

fast-glob@^3.2.11:
  version "3.2.12"
  resolved "https://pkgs.dev.azure.com/way2/_packaging/internal/npm/registry/fast-glob/-/fast-glob-3.2.12.tgz#7f39ec99c2e6ab030337142da9e0c18f37afae80"
  integrity sha1-fznsmcLmqwMDNxQtqeDBjzevroA=
  dependencies:
    "@nodelib/fs.stat" "^2.0.2"
    "@nodelib/fs.walk" "^1.2.3"
    glob-parent "^5.1.2"
    merge2 "^1.3.0"
    micromatch "^4.0.4"

fastq@^1.6.0:
  version "1.13.0"
  resolved "https://pkgs.dev.azure.com/way2/_packaging/internal/npm/registry/fastq/-/fastq-1.13.0.tgz#616760f88a7526bdfc596b7cab8c18938c36b98c"
  integrity sha1-YWdg+Ip1Jr38WWt8q4wYk4w2uYw=
  dependencies:
    reusify "^1.0.4"

fill-range@^7.0.1:
  version "7.0.1"
  resolved "https://pkgs.dev.azure.com/way2/_packaging/internal/npm/registry/fill-range/-/fill-range-7.0.1.tgz#1919a6a7c75fe38b2c7c77e5198535da9acdda40"
  integrity sha1-GRmmp8df44ssfHflGYU12prN2kA=
  dependencies:
    to-regex-range "^5.0.1"

fraction.js@^4.2.0:
  version "4.2.0"
  resolved "https://pkgs.dev.azure.com/way2/_packaging/internal/npm/registry/fraction.js/-/fraction.js-4.2.0.tgz#448e5109a313a3527f5a3ab2119ec4cf0e0e2950"
  integrity sha1-RI5RCaMTo1J/WjqyEZ7Ezw4OKVA=

fsevents@~2.3.2:
  version "2.3.2"
  resolved "https://pkgs.dev.azure.com/way2/_packaging/internal/npm/registry/fsevents/-/fsevents-2.3.2.tgz#8a526f78b8fdf4623b709e0b975c52c24c02fd1a"
  integrity sha1-ilJveLj99GI7cJ4Ll1xSwkwC/Ro=

function-bind@^1.1.1:
  version "1.1.1"
  resolved "https://pkgs.dev.azure.com/way2/_packaging/internal/npm/registry/function-bind/-/function-bind-1.1.1.tgz#a56899d3ea3c9bab874bb9773b7c5ede92f4895d"
  integrity sha1-pWiZ0+o8m6uHS7l3O3xe3pL0iV0=

glob-parent@^5.1.2, glob-parent@~5.1.2:
  version "5.1.2"
  resolved "https://pkgs.dev.azure.com/way2/_packaging/internal/npm/registry/glob-parent/-/glob-parent-5.1.2.tgz#869832c58034fe68a4093c17dc15e8340d8401c4"
  integrity sha1-hpgyxYA0/mikCTwX3BXoNA2EAcQ=
  dependencies:
    is-glob "^4.0.1"

glob-parent@^6.0.2:
  version "6.0.2"
  resolved "https://pkgs.dev.azure.com/way2/_packaging/internal/npm/registry/glob-parent/-/glob-parent-6.0.2.tgz#6d237d99083950c79290f24c7642a3de9a28f9e3"
  integrity sha1-bSN9mQg5UMeSkPJMdkKj3poo+eM=
  dependencies:
    is-glob "^4.0.3"

has@^1.0.3:
  version "1.0.3"
  resolved "https://pkgs.dev.azure.com/way2/_packaging/internal/npm/registry/has/-/has-1.0.3.tgz#722d7cbfc1f6aa8241f16dd814e011e1f41e8796"
  integrity sha1-ci18v8H2qoJB8W3YFOAR4fQeh5Y=
  dependencies:
    function-bind "^1.1.1"

is-binary-path@~2.1.0:
  version "2.1.0"
  resolved "https://pkgs.dev.azure.com/way2/_packaging/internal/npm/registry/is-binary-path/-/is-binary-path-2.1.0.tgz#ea1f7f3b80f064236e83470f86c09c254fb45b09"
  integrity sha1-6h9/O4DwZCNug0cPhsCcJU+0Wwk=
  dependencies:
    binary-extensions "^2.0.0"

is-core-module@^2.9.0:
  version "2.10.0"
  resolved "https://pkgs.dev.azure.com/way2/_packaging/internal/npm/registry/is-core-module/-/is-core-module-2.10.0.tgz#9012ede0a91c69587e647514e1d5277019e728ed"
  integrity sha1-kBLt4KkcaVh+ZHUU4dUncBnnKO0=
  dependencies:
    has "^1.0.3"

is-extglob@^2.1.1:
  version "2.1.1"
  resolved "https://pkgs.dev.azure.com/way2/_packaging/internal/npm/registry/is-extglob/-/is-extglob-2.1.1.tgz#a88c02535791f02ed37c76a1b9ea9773c833f8c2"
  integrity sha1-qIwCU1eR8C7TfHahueqXc8gz+MI=

is-glob@^4.0.1, is-glob@^4.0.3, is-glob@~4.0.1:
  version "4.0.3"
  resolved "https://pkgs.dev.azure.com/way2/_packaging/internal/npm/registry/is-glob/-/is-glob-4.0.3.tgz#64f61e42cbbb2eec2071a9dac0b28ba1e65d5084"
  integrity sha1-ZPYeQsu7LuwgcanawLKLoeZdUIQ=
  dependencies:
    is-extglob "^2.1.1"

is-number@^7.0.0:
  version "7.0.0"
  resolved "https://pkgs.dev.azure.com/way2/_packaging/internal/npm/registry/is-number/-/is-number-7.0.0.tgz#7535345b896734d5f80c4d06c50955527a14f12b"
  integrity sha1-dTU0W4lnNNX4DE0GxQlVUnoU8Ss=

lilconfig@^2.0.5, lilconfig@^2.0.6:
  version "2.0.6"
  resolved "https://pkgs.dev.azure.com/way2/_packaging/internal/npm/registry/lilconfig/-/lilconfig-2.0.6.tgz#32a384558bd58af3d4c6e077dd1ad1d397bc69d4"
  integrity sha1-MqOEVYvVivPUxuB33RrR05e8adQ=

merge2@^1.3.0:
  version "1.4.1"
  resolved "https://pkgs.dev.azure.com/way2/_packaging/internal/npm/registry/merge2/-/merge2-1.4.1.tgz#4368892f885e907455a6fd7dc55c0c9d404990ae"
  integrity sha1-Q2iJL4hekHRVpv19xVwMnUBJkK4=

micromatch@^4.0.4:
  version "4.0.5"
  resolved "https://pkgs.dev.azure.com/way2/_packaging/internal/npm/registry/micromatch/-/micromatch-4.0.5.tgz#bc8999a7cbbf77cdc89f132f6e467051b49090c6"
  integrity sha1-vImZp8u/d83InxMvbkZwUbSQkMY=
  dependencies:
    braces "^3.0.2"
    picomatch "^2.3.1"

minimist@^1.2.6:
  version "1.2.6"
  resolved "https://pkgs.dev.azure.com/way2/_packaging/internal/npm/registry/minimist/-/minimist-1.2.6.tgz#8637a5b759ea0d6e98702cfb3a9283323c93af44"
  integrity sha1-hjelt1nqDW6YcCz7OpKDMjyTr0Q=

nanoid@^3.3.4:
  version "3.3.4"
  resolved "https://pkgs.dev.azure.com/way2/_packaging/internal/npm/registry/nanoid/-/nanoid-3.3.4.tgz#730b67e3cd09e2deacf03c027c81c9d9dbc5e8ab"
  integrity sha1-cwtn480J4t6s8DwCfIHJ2dvF6Ks=

node-releases@^2.0.6:
  version "2.0.6"
  resolved "https://pkgs.dev.azure.com/way2/_packaging/internal/npm/registry/node-releases/-/node-releases-2.0.6.tgz#8a7088c63a55e493845683ebf3c828d8c51c5503"
  integrity sha1-inCIxjpV5JOEVoPr88go2MUcVQM=

normalize-path@^3.0.0, normalize-path@~3.0.0:
  version "3.0.0"
  resolved "https://pkgs.dev.azure.com/way2/_packaging/internal/npm/registry/normalize-path/-/normalize-path-3.0.0.tgz#0dcd69ff23a1c9b11fd0978316644a0388216a65"
  integrity sha1-Dc1p/yOhybEf0JeDFmRKA4ghamU=

normalize-range@^0.1.2:
  version "0.1.2"
  resolved "https://pkgs.dev.azure.com/way2/_packaging/internal/npm/registry/normalize-range/-/normalize-range-0.1.2.tgz#2d10c06bdfd312ea9777695a4d28439456b75942"
  integrity sha1-LRDAa9/TEuqXd2laTShDlFa3WUI=

object-hash@^3.0.0:
  version "3.0.0"
  resolved "https://pkgs.dev.azure.com/way2/_packaging/internal/npm/registry/object-hash/-/object-hash-3.0.0.tgz#73f97f753e7baffc0e2cc9d6e079079744ac82e9"
  integrity sha1-c/l/dT57r/wOLMnW4HkHl0Ssguk=

path-parse@^1.0.7:
  version "1.0.7"
  resolved "https://pkgs.dev.azure.com/way2/_packaging/internal/npm/registry/path-parse/-/path-parse-1.0.7.tgz#fbc114b60ca42b30d9daf5858e4bd68bbedb6735"
  integrity sha1-+8EUtgykKzDZ2vWFjkvWi77bZzU=

phosphor-react@^1.4.1:
  version "1.4.1"
  resolved "https://pkgs.dev.azure.com/way2/_packaging/internal/npm/registry/phosphor-react/-/phosphor-react-1.4.1.tgz#97b0e034d9937db9b97fe53b186e9646464fd4e7"
  integrity sha1-l7DgNNmTfbm5f+U7GG6WRkZP1Oc=

picocolors@^1.0.0:
  version "1.0.0"
  resolved "https://pkgs.dev.azure.com/way2/_packaging/internal/npm/registry/picocolors/-/picocolors-1.0.0.tgz#cb5bdc74ff3f51892236eaf79d68bc44564ab81c"
  integrity sha1-y1vcdP8/UYkiNur3nWi8RFZKuBw=

picomatch@^2.0.4, picomatch@^2.2.1, picomatch@^2.3.1:
  version "2.3.1"
  resolved "https://pkgs.dev.azure.com/way2/_packaging/internal/npm/registry/picomatch/-/picomatch-2.3.1.tgz#3ba3833733646d9d3e4995946c1365a67fb07a42"
  integrity sha1-O6ODNzNkbZ0+SZWUbBNlpn+wekI=

pify@^2.3.0:
  version "2.3.0"
  resolved "https://pkgs.dev.azure.com/way2/_packaging/internal/npm/registry/pify/-/pify-2.3.0.tgz#ed141a6ac043a849ea588498e7dca8b15330e90c"
  integrity sha1-7RQaasBDqEnqWISY59yosVMw6Qw=

postcss-import@^14.1.0:
  version "14.1.0"
  resolved "https://pkgs.dev.azure.com/way2/_packaging/internal/npm/registry/postcss-import/-/postcss-import-14.1.0.tgz#a7333ffe32f0b8795303ee9e40215dac922781f0"
  integrity sha1-pzM//jLwuHlTA+6eQCFdrJIngfA=
  dependencies:
    postcss-value-parser "^4.0.0"
    read-cache "^1.0.0"
    resolve "^1.1.7"

postcss-js@^4.0.0:
  version "4.0.0"
  resolved "https://pkgs.dev.azure.com/way2/_packaging/internal/npm/registry/postcss-js/-/postcss-js-4.0.0.tgz#31db79889531b80dc7bc9b0ad283e418dce0ac00"
  integrity sha1-Mdt5iJUxuA3HvJsK0oPkGNzgrAA=
  dependencies:
    camelcase-css "^2.0.1"

postcss-load-config@^3.1.4:
  version "3.1.4"
  resolved "https://pkgs.dev.azure.com/way2/_packaging/internal/npm/registry/postcss-load-config/-/postcss-load-config-3.1.4.tgz#1ab2571faf84bb078877e1d07905eabe9ebda855"
  integrity sha1-GrJXH6+EuweId+HQeQXqvp69qFU=
  dependencies:
    lilconfig "^2.0.5"
    yaml "^1.10.2"

postcss-nested@5.0.6:
  version "5.0.6"
  resolved "https://pkgs.dev.azure.com/way2/_packaging/internal/npm/registry/postcss-nested/-/postcss-nested-5.0.6.tgz#466343f7fc8d3d46af3e7dba3fcd47d052a945bc"
  integrity sha1-RmND9/yNPUavPn26P81H0FKpRbw=
  dependencies:
    postcss-selector-parser "^6.0.6"

postcss-selector-parser@^6.0.10, postcss-selector-parser@^6.0.6:
  version "6.0.10"
  resolved "https://pkgs.dev.azure.com/way2/_packaging/internal/npm/registry/postcss-selector-parser/-/postcss-selector-parser-6.0.10.tgz#79b61e2c0d1bfc2602d549e11d0876256f8df88d"
  integrity sha1-ebYeLA0b/CYC1UnhHQh2JW+N+I0=
  dependencies:
    cssesc "^3.0.0"
    util-deprecate "^1.0.2"

postcss-value-parser@^4.0.0, postcss-value-parser@^4.2.0:
  version "4.2.0"
  resolved "https://pkgs.dev.azure.com/way2/_packaging/internal/npm/registry/postcss-value-parser/-/postcss-value-parser-4.2.0.tgz#723c09920836ba6d3e5af019f92bc0971c02e514"
  integrity sha1-cjwJkgg2um0+WvAZ+SvAlxwC5RQ=

postcss@^8.4.14, postcss@^8.4.16:
  version "8.4.16"
  resolved "https://pkgs.dev.azure.com/way2/_packaging/internal/npm/registry/postcss/-/postcss-8.4.16.tgz#33a1d675fac39941f5f445db0de4db2b6e01d43c"
  integrity sha1-M6HWdfrDmUH19EXbDeTbK24B1Dw=
  dependencies:
    nanoid "^3.3.4"
    picocolors "^1.0.0"
    source-map-js "^1.0.2"

queue-microtask@^1.2.2:
  version "1.2.3"
  resolved "https://pkgs.dev.azure.com/way2/_packaging/internal/npm/registry/queue-microtask/-/queue-microtask-1.2.3.tgz#4929228bbc724dfac43e0efb058caf7b6cfb6243"
  integrity sha1-SSkii7xyTfrEPg77BYyve2z7YkM=

quick-lru@^5.1.1:
  version "5.1.1"
  resolved "https://pkgs.dev.azure.com/way2/_packaging/internal/npm/registry/quick-lru/-/quick-lru-5.1.1.tgz#366493e6b3e42a3a6885e2e99d18f80fb7a8c932"
  integrity sha1-NmST5rPkKjpoheLpnRj4D7eoyTI=

read-cache@^1.0.0:
  version "1.0.0"
  resolved "https://pkgs.dev.azure.com/way2/_packaging/internal/npm/registry/read-cache/-/read-cache-1.0.0.tgz#e664ef31161166c9751cdbe8dbcf86b5fb58f774"
  integrity sha1-5mTvMRYRZsl1HNvo28+GtftY93Q=
  dependencies:
    pify "^2.3.0"

readdirp@~3.6.0:
  version "3.6.0"
  resolved "https://pkgs.dev.azure.com/way2/_packaging/internal/npm/registry/readdirp/-/readdirp-3.6.0.tgz#74a370bd857116e245b29cc97340cd431a02a6c7"
  integrity sha1-dKNwvYVxFuJFspzJc0DNQxoCpsc=
  dependencies:
    picomatch "^2.2.1"

resolve@^1.1.7, resolve@^1.22.1:
  version "1.22.1"
  resolved "https://pkgs.dev.azure.com/way2/_packaging/internal/npm/registry/resolve/-/resolve-1.22.1.tgz#27cb2ebb53f91abb49470a928bba7558066ac177"
  integrity sha1-J8suu1P5GrtJRwqSi7p1WAZqwXc=
  dependencies:
    is-core-module "^2.9.0"
    path-parse "^1.0.7"
    supports-preserve-symlinks-flag "^1.0.0"

reusify@^1.0.4:
  version "1.0.4"
  resolved "https://pkgs.dev.azure.com/way2/_packaging/internal/npm/registry/reusify/-/reusify-1.0.4.tgz#90da382b1e126efc02146e90845a88db12925d76"
  integrity sha1-kNo4Kx4SbvwCFG6QhFqI2xKSXXY=

run-parallel@^1.1.9:
  version "1.2.0"
  resolved "https://pkgs.dev.azure.com/way2/_packaging/internal/npm/registry/run-parallel/-/run-parallel-1.2.0.tgz#66d1368da7bdf921eb9d95bd1a9229e7f21a43ee"
  integrity sha1-ZtE2jae9+SHrnZW9GpIp5/IaQ+4=
  dependencies:
    queue-microtask "^1.2.2"

source-map-js@^1.0.2:
  version "1.0.2"
  resolved "https://pkgs.dev.azure.com/way2/_packaging/internal/npm/registry/source-map-js/-/source-map-js-1.0.2.tgz#adbc361d9c62df380125e7f161f71c826f1e490c"
  integrity sha1-rbw2HZxi3zgBJefxYfccgm8eSQw=

supports-preserve-symlinks-flag@^1.0.0:
  version "1.0.0"
  resolved "https://pkgs.dev.azure.com/way2/_packaging/internal/npm/registry/supports-preserve-symlinks-flag/-/supports-preserve-symlinks-flag-1.0.0.tgz#6eda4bd344a3c94aea376d4cc31bc77311039e09"
  integrity sha1-btpL00SjyUrqN21MwxvHcxEDngk=

tailwindcss@^3.1.8:
  version "3.1.8"
  resolved "https://pkgs.dev.azure.com/way2/_packaging/internal/npm/registry/tailwindcss/-/tailwindcss-3.1.8.tgz#4f8520550d67a835d32f2f4021580f9fddb7b741"
  integrity sha1-T4UgVQ1nqDXTLy9AIVgPn923t0E=
  dependencies:
    arg "^5.0.2"
    chokidar "^3.5.3"
    color-name "^1.1.4"
    detective "^5.2.1"
    didyoumean "^1.2.2"
    dlv "^1.1.3"
    fast-glob "^3.2.11"
    glob-parent "^6.0.2"
    is-glob "^4.0.3"
    lilconfig "^2.0.6"
    normalize-path "^3.0.0"
    object-hash "^3.0.0"
    picocolors "^1.0.0"
    postcss "^8.4.14"
    postcss-import "^14.1.0"
    postcss-js "^4.0.0"
    postcss-load-config "^3.1.4"
    postcss-nested "5.0.6"
    postcss-selector-parser "^6.0.10"
    postcss-value-parser "^4.2.0"
    quick-lru "^5.1.1"
    resolve "^1.22.1"

to-regex-range@^5.0.1:
  version "5.0.1"
  resolved "https://pkgs.dev.azure.com/way2/_packaging/internal/npm/registry/to-regex-range/-/to-regex-range-5.0.1.tgz#1648c44aae7c8d988a326018ed72f5b4dd0392e4"
  integrity sha1-FkjESq58jZiKMmAY7XL1tN0DkuQ=
  dependencies:
    is-number "^7.0.0"

update-browserslist-db@^1.0.9:
  version "1.0.9"
  resolved "https://pkgs.dev.azure.com/way2/_packaging/internal/npm/registry/update-browserslist-db/-/update-browserslist-db-1.0.9.tgz#2924d3927367a38d5c555413a7ce138fc95fcb18"
  integrity sha1-KSTTknNno41cVVQTp84Tj8lfyxg=
  dependencies:
    escalade "^3.1.1"
    picocolors "^1.0.0"

util-deprecate@^1.0.2:
  version "1.0.2"
  resolved "https://pkgs.dev.azure.com/way2/_packaging/internal/npm/registry/util-deprecate/-/util-deprecate-1.0.2.tgz#450d4dc9fa70de732762fbd2d4a28981419a0ccf"
  integrity sha1-RQ1Nyfpw3nMnYvvS1KKJgUGaDM8=

xtend@^4.0.2:
  version "4.0.2"
  resolved "https://pkgs.dev.azure.com/way2/_packaging/internal/npm/registry/xtend/-/xtend-4.0.2.tgz#bb72779f5fa465186b1f438f674fa347fdb5db54"
  integrity sha1-u3J3n1+kZRhrH0OPZ0+jR/2121Q=

yaml@^1.10.2:
  version "1.10.2"
  resolved "https://pkgs.dev.azure.com/way2/_packaging/internal/npm/registry/yaml/-/yaml-1.10.2.tgz#2301c5ffbf12b467de8da2333a459e29e7920e4b"
  integrity sha1-IwHF/78StGfejaIzOkWeKeeSDks=
